// !$*UTF8*$!
{
	archiveVersion = 1;
	classes = {
	};
	objectVersion = 55;
	objects = {

/* Begin PBXBuildFile section */
		32AE95E327FFFCFC0086E9E0 /* AppDelegate.swift in Sources */ = {isa = PBXBuildFile; fileRef = 32AE95E227FFFCFC0086E9E0 /* AppDelegate.swift */; };
		32AE95E527FFFCFC0086E9E0 /* SceneDelegate.swift in Sources */ = {isa = PBXBuildFile; fileRef = 32AE95E427FFFCFC0086E9E0 /* SceneDelegate.swift */; };
		32AE95E727FFFCFC0086E9E0 /* TabBarController.swift in Sources */ = {isa = PBXBuildFile; fileRef = 32AE95E627FFFCFC0086E9E0 /* TabBarController.swift */; };
		32AE95EC27FFFCFC0086E9E0 /* Assets.xcassets in Resources */ = {isa = PBXBuildFile; fileRef = 32AE95EB27FFFCFC0086E9E0 /* Assets.xcassets */; };
		32AE95EF27FFFCFC0086E9E0 /* LaunchScreen.storyboard in Resources */ = {isa = PBXBuildFile; fileRef = 32AE95ED27FFFCFC0086E9E0 /* LaunchScreen.storyboard */; };
		32AE95F827FFFD310086E9E0 /* Kingfisher in Frameworks */ = {isa = PBXBuildFile; productRef = 32AE95F727FFFD310086E9E0 /* Kingfisher */; };
		32AE95FF280054D00086E9E0 /* TodayViewController.swift in Sources */ = {isa = PBXBuildFile; fileRef = 32AE95FE280054D00086E9E0 /* TodayViewController.swift */; };
		32AE9602280055D60086E9E0 /* SnapKit in Frameworks */ = {isa = PBXBuildFile; productRef = 32AE9601280055D60086E9E0 /* SnapKit */; };
		32AE9606280060440086E9E0 /* TodayCollectionViewCell.swift in Sources */ = {isa = PBXBuildFile; fileRef = 32AE9605280060440086E9E0 /* TodayCollectionViewCell.swift */; };
		32AE960828006DDB0086E9E0 /* TodayCollectionHeaderView.swift in Sources */ = {isa = PBXBuildFile; fileRef = 32AE960728006DDB0086E9E0 /* TodayCollectionHeaderView.swift */; };
		32AE960A280121170086E9E0 /* AppViewController.swift in Sources */ = {isa = PBXBuildFile; fileRef = 32AE9609280121170086E9E0 /* AppViewController.swift */; };
		32AE960D280307E50086E9E0 /* FeatureSectionView.swift in Sources */ = {isa = PBXBuildFile; fileRef = 32AE960C280307E50086E9E0 /* FeatureSectionView.swift */; };
		32AE960F28030E880086E9E0 /* FeatureSectionCollectionViewCell.swift in Sources */ = {isa = PBXBuildFile; fileRef = 32AE960E28030E880086E9E0 /* FeatureSectionCollectionViewCell.swift */; };
		32AE96112803AF580086E9E0 /* SeparatorView.swift in Sources */ = {isa = PBXBuildFile; fileRef = 32AE96102803AF580086E9E0 /* SeparatorView.swift */; };
		32AE96132803B7A90086E9E0 /* RankingFeatureSectionView.swift in Sources */ = {isa = PBXBuildFile; fileRef = 32AE96122803B7A90086E9E0 /* RankingFeatureSectionView.swift */; };
		32AE96152803D0450086E9E0 /* RankingFeatureCollectionViewCell.swift in Sources */ = {isa = PBXBuildFile; fileRef = 32AE96142803D0450086E9E0 /* RankingFeatureCollectionViewCell.swift */; };
		32AE96172803D5CA0086E9E0 /* ExchangeCodeButtonView.swift in Sources */ = {isa = PBXBuildFile; fileRef = 32AE96162803D5CA0086E9E0 /* ExchangeCodeButtonView.swift */; };
		32AE961B2803E5EC0086E9E0 /* AppDetailViewController.swift in Sources */ = {isa = PBXBuildFile; fileRef = 32AE961A2803E5EC0086E9E0 /* AppDetailViewController.swift */; };
/* End PBXBuildFile section */

/* Begin PBXFileReference section */
		32AE95DF27FFFCFC0086E9E0 /* AppStoreStyle.app */ = {isa = PBXFileReference; explicitFileType = wrapper.application; includeInIndex = 0; path = AppStoreStyle.app; sourceTree = BUILT_PRODUCTS_DIR; };
		32AE95E227FFFCFC0086E9E0 /* AppDelegate.swift */ = {isa = PBXFileReference; lastKnownFileType = sourcecode.swift; path = AppDelegate.swift; sourceTree = "<group>"; };
		32AE95E427FFFCFC0086E9E0 /* SceneDelegate.swift */ = {isa = PBXFileReference; lastKnownFileType = sourcecode.swift; path = SceneDelegate.swift; sourceTree = "<group>"; };
		32AE95E627FFFCFC0086E9E0 /* TabBarController.swift */ = {isa = PBXFileReference; lastKnownFileType = sourcecode.swift; path = TabBarController.swift; sourceTree = "<group>"; };
		32AE95EB27FFFCFC0086E9E0 /* Assets.xcassets */ = {isa = PBXFileReference; lastKnownFileType = folder.assetcatalog; path = Assets.xcassets; sourceTree = "<group>"; };
		32AE95EE27FFFCFC0086E9E0 /* Base */ = {isa = PBXFileReference; lastKnownFileType = file.storyboard; name = Base; path = Base.lproj/LaunchScreen.storyboard; sourceTree = "<group>"; };
		32AE95F027FFFCFC0086E9E0 /* Info.plist */ = {isa = PBXFileReference; lastKnownFileType = text.plist.xml; path = Info.plist; sourceTree = "<group>"; };
		32AE95FE280054D00086E9E0 /* TodayViewController.swift */ = {isa = PBXFileReference; lastKnownFileType = sourcecode.swift; path = TodayViewController.swift; sourceTree = "<group>"; };
		32AE9605280060440086E9E0 /* TodayCollectionViewCell.swift */ = {isa = PBXFileReference; lastKnownFileType = sourcecode.swift; path = TodayCollectionViewCell.swift; sourceTree = "<group>"; };
		32AE960728006DDB0086E9E0 /* TodayCollectionHeaderView.swift */ = {isa = PBXFileReference; lastKnownFileType = sourcecode.swift; path = TodayCollectionHeaderView.swift; sourceTree = "<group>"; };
		32AE9609280121170086E9E0 /* AppViewController.swift */ = {isa = PBXFileReference; lastKnownFileType = sourcecode.swift; path = AppViewController.swift; sourceTree = "<group>"; };
		32AE960C280307E50086E9E0 /* FeatureSectionView.swift */ = {isa = PBXFileReference; lastKnownFileType = sourcecode.swift; path = FeatureSectionView.swift; sourceTree = "<group>"; };
		32AE960E28030E880086E9E0 /* FeatureSectionCollectionViewCell.swift */ = {isa = PBXFileReference; lastKnownFileType = sourcecode.swift; path = FeatureSectionCollectionViewCell.swift; sourceTree = "<group>"; };
		32AE96102803AF580086E9E0 /* SeparatorView.swift */ = {isa = PBXFileReference; lastKnownFileType = sourcecode.swift; path = SeparatorView.swift; sourceTree = "<group>"; };
		32AE96122803B7A90086E9E0 /* RankingFeatureSectionView.swift */ = {isa = PBXFileReference; lastKnownFileType = sourcecode.swift; path = RankingFeatureSectionView.swift; sourceTree = "<group>"; };
		32AE96142803D0450086E9E0 /* RankingFeatureCollectionViewCell.swift */ = {isa = PBXFileReference; lastKnownFileType = sourcecode.swift; path = RankingFeatureCollectionViewCell.swift; sourceTree = "<group>"; };
		32AE96162803D5CA0086E9E0 /* ExchangeCodeButtonView.swift */ = {isa = PBXFileReference; lastKnownFileType = sourcecode.swift; path = ExchangeCodeButtonView.swift; sourceTree = "<group>"; };
		32AE961A2803E5EC0086E9E0 /* AppDetailViewController.swift */ = {isa = PBXFileReference; lastKnownFileType = sourcecode.swift; path = AppDetailViewController.swift; sourceTree = "<group>"; };
/* End PBXFileReference section */

/* Begin PBXFrameworksBuildPhase section */
		32AE95DC27FFFCFC0086E9E0 /* Frameworks */ = {
			isa = PBXFrameworksBuildPhase;
			buildActionMask = 2147483647;
			files = (
				32AE95F827FFFD310086E9E0 /* Kingfisher in Frameworks */,
				32AE9602280055D60086E9E0 /* SnapKit in Frameworks */,
			);
			runOnlyForDeploymentPostprocessing = 0;
		};
/* End PBXFrameworksBuildPhase section */

/* Begin PBXGroup section */
		32AE95D627FFFCFC0086E9E0 = {
			isa = PBXGroup;
			children = (
				32AE95E127FFFCFC0086E9E0 /* AppStoreStyle */,
				32AE95E027FFFCFC0086E9E0 /* Products */,
			);
			sourceTree = "<group>";
		};
		32AE95E027FFFCFC0086E9E0 /* Products */ = {
			isa = PBXGroup;
			children = (
				32AE95DF27FFFCFC0086E9E0 /* AppStoreStyle.app */,
			);
			name = Products;
			sourceTree = "<group>";
		};
		32AE95E127FFFCFC0086E9E0 /* AppStoreStyle */ = {
			isa = PBXGroup;
			children = (
				32AE95E227FFFCFC0086E9E0 /* AppDelegate.swift */,
				32AE95E427FFFCFC0086E9E0 /* SceneDelegate.swift */,
				32AE95FC2800549F0086E9E0 /* Scenes */,
				32AE95EB27FFFCFC0086E9E0 /* Assets.xcassets */,
				32AE95ED27FFFCFC0086E9E0 /* LaunchScreen.storyboard */,
				32AE95F027FFFCFC0086E9E0 /* Info.plist */,
			);
			path = AppStoreStyle;
			sourceTree = "<group>";
		};
		32AE95FC2800549F0086E9E0 /* Scenes */ = {
			isa = PBXGroup;
			children = (
				32AE960B280121240086E9E0 /* App */,
				32AE95FD280054BF0086E9E0 /* Today */,
				32AE95E627FFFCFC0086E9E0 /* TabBarController.swift */,
				32AE961A2803E5EC0086E9E0 /* AppDetailViewController.swift */,
			);
			path = Scenes;
			sourceTree = "<group>";
		};
		32AE95FD280054BF0086E9E0 /* Today */ = {
			isa = PBXGroup;
			children = (
				32AE95FE280054D00086E9E0 /* TodayViewController.swift */,
				32AE9605280060440086E9E0 /* TodayCollectionViewCell.swift */,
				32AE960728006DDB0086E9E0 /* TodayCollectionHeaderView.swift */,
			);
			path = Today;
			sourceTree = "<group>";
		};
		32AE960B280121240086E9E0 /* App */ = {
			isa = PBXGroup;
			children = (
				32AE9609280121170086E9E0 /* AppViewController.swift */,
				32AE960C280307E50086E9E0 /* FeatureSectionView.swift */,
				32AE960E28030E880086E9E0 /* FeatureSectionCollectionViewCell.swift */,
				32AE96122803B7A90086E9E0 /* RankingFeatureSectionView.swift */,
				32AE96142803D0450086E9E0 /* RankingFeatureCollectionViewCell.swift */,
				32AE96162803D5CA0086E9E0 /* ExchangeCodeButtonView.swift */,
				32AE96102803AF580086E9E0 /* SeparatorView.swift */,
			);
			path = App;
			sourceTree = "<group>";
		};
/* End PBXGroup section */

/* Begin PBXNativeTarget section */
		32AE95DE27FFFCFC0086E9E0 /* AppStoreStyle */ = {
			isa = PBXNativeTarget;
			buildConfigurationList = 32AE95F327FFFCFC0086E9E0 /* Build configuration list for PBXNativeTarget "AppStoreStyle" */;
			buildPhases = (
				32AE95DB27FFFCFC0086E9E0 /* Sources */,
				32AE95DC27FFFCFC0086E9E0 /* Frameworks */,
				32AE95DD27FFFCFC0086E9E0 /* Resources */,
			);
			buildRules = (
			);
			dependencies = (
			);
			name = AppStoreStyle;
			packageProductDependencies = (
				32AE95F727FFFD310086E9E0 /* Kingfisher */,
				32AE9601280055D60086E9E0 /* SnapKit */,
			);
			productName = AppStoreStyle;
			productReference = 32AE95DF27FFFCFC0086E9E0 /* AppStoreStyle.app */;
			productType = "com.apple.product-type.application";
		};
/* End PBXNativeTarget section */

/* Begin PBXProject section */
		32AE95D727FFFCFC0086E9E0 /* Project object */ = {
			isa = PBXProject;
			attributes = {
				BuildIndependentTargetsInParallel = 1;
				LastSwiftUpdateCheck = 1330;
				LastUpgradeCheck = 1330;
				TargetAttributes = {
					32AE95DE27FFFCFC0086E9E0 = {
						CreatedOnToolsVersion = 13.3;
					};
				};
			};
			buildConfigurationList = 32AE95DA27FFFCFC0086E9E0 /* Build configuration list for PBXProject "AppStoreStyle" */;
			compatibilityVersion = "Xcode 13.0";
			developmentRegion = en;
			hasScannedForEncodings = 0;
			knownRegions = (
				en,
				Base,
			);
			mainGroup = 32AE95D627FFFCFC0086E9E0;
			packageReferences = (
				32AE95F627FFFD310086E9E0 /* XCRemoteSwiftPackageReference "Kingfisher" */,
				32AE9600280055D60086E9E0 /* XCRemoteSwiftPackageReference "SnapKit" */,
			);
			productRefGroup = 32AE95E027FFFCFC0086E9E0 /* Products */;
			projectDirPath = "";
			projectRoot = "";
			targets = (
				32AE95DE27FFFCFC0086E9E0 /* AppStoreStyle */,
			);
		};
/* End PBXProject section */

/* Begin PBXResourcesBuildPhase section */
		32AE95DD27FFFCFC0086E9E0 /* Resources */ = {
			isa = PBXResourcesBuildPhase;
			buildActionMask = 2147483647;
			files = (
				32AE95EF27FFFCFC0086E9E0 /* LaunchScreen.storyboard in Resources */,
				32AE95EC27FFFCFC0086E9E0 /* Assets.xcassets in Resources */,
			);
			runOnlyForDeploymentPostprocessing = 0;
		};
/* End PBXResourcesBuildPhase section */

/* Begin PBXSourcesBuildPhase section */
		32AE95DB27FFFCFC0086E9E0 /* Sources */ = {
			isa = PBXSourcesBuildPhase;
			buildActionMask = 2147483647;
			files = (
				32AE95FF280054D00086E9E0 /* TodayViewController.swift in Sources */,
				32AE961B2803E5EC0086E9E0 /* AppDetailViewController.swift in Sources */,
				32AE95E727FFFCFC0086E9E0 /* TabBarController.swift in Sources */,
				32AE96172803D5CA0086E9E0 /* ExchangeCodeButtonView.swift in Sources */,
				32AE96112803AF580086E9E0 /* SeparatorView.swift in Sources */,
				32AE95E327FFFCFC0086E9E0 /* AppDelegate.swift in Sources */,
				32AE960828006DDB0086E9E0 /* TodayCollectionHeaderView.swift in Sources */,
				32AE960A280121170086E9E0 /* AppViewController.swift in Sources */,
				32AE960F28030E880086E9E0 /* FeatureSectionCollectionViewCell.swift in Sources */,
				32AE95E527FFFCFC0086E9E0 /* SceneDelegate.swift in Sources */,
				32AE9606280060440086E9E0 /* TodayCollectionViewCell.swift in Sources */,
				32AE960D280307E50086E9E0 /* FeatureSectionView.swift in Sources */,
				32AE96152803D0450086E9E0 /* RankingFeatureCollectionViewCell.swift in Sources */,
				32AE96132803B7A90086E9E0 /* RankingFeatureSectionView.swift in Sources */,
			);
			runOnlyForDeploymentPostprocessing = 0;
		};
/* End PBXSourcesBuildPhase section */

/* Begin PBXVariantGroup section */
		32AE95ED27FFFCFC0086E9E0 /* LaunchScreen.storyboard */ = {
			isa = PBXVariantGroup;
			children = (
				32AE95EE27FFFCFC0086E9E0 /* Base */,
			);
			name = LaunchScreen.storyboard;
			sourceTree = "<group>";
		};
/* End PBXVariantGroup section */

/* Begin XCBuildConfiguration section */
		32AE95F127FFFCFC0086E9E0 /* Debug */ = {
			isa = XCBuildConfiguration;
			buildSettings = {
				ALWAYS_SEARCH_USER_PATHS = NO;
				CLANG_ANALYZER_NONNULL = YES;
				CLANG_ANALYZER_NUMBER_OBJECT_CONVERSION = YES_AGGRESSIVE;
				CLANG_CXX_LANGUAGE_STANDARD = "gnu++17";
				CLANG_ENABLE_MODULES = YES;
				CLANG_ENABLE_OBJC_ARC = YES;
				CLANG_ENABLE_OBJC_WEAK = YES;
				CLANG_WARN_BLOCK_CAPTURE_AUTORELEASING = YES;
				CLANG_WARN_BOOL_CONVERSION = YES;
				CLANG_WARN_COMMA = YES;
				CLANG_WARN_CONSTANT_CONVERSION = YES;
				CLANG_WARN_DEPRECATED_OBJC_IMPLEMENTATIONS = YES;
				CLANG_WARN_DIRECT_OBJC_ISA_USAGE = YES_ERROR;
				CLANG_WARN_DOCUMENTATION_COMMENTS = YES;
				CLANG_WARN_EMPTY_BODY = YES;
				CLANG_WARN_ENUM_CONVERSION = YES;
				CLANG_WARN_INFINITE_RECURSION = YES;
				CLANG_WARN_INT_CONVERSION = YES;
				CLANG_WARN_NON_LITERAL_NULL_CONVERSION = YES;
				CLANG_WARN_OBJC_IMPLICIT_RETAIN_SELF = YES;
				CLANG_WARN_OBJC_LITERAL_CONVERSION = YES;
				CLANG_WARN_OBJC_ROOT_CLASS = YES_ERROR;
				CLANG_WARN_QUOTED_INCLUDE_IN_FRAMEWORK_HEADER = YES;
				CLANG_WARN_RANGE_LOOP_ANALYSIS = YES;
				CLANG_WARN_STRICT_PROTOTYPES = YES;
				CLANG_WARN_SUSPICIOUS_MOVE = YES;
				CLANG_WARN_UNGUARDED_AVAILABILITY = YES_AGGRESSIVE;
				CLANG_WARN_UNREACHABLE_CODE = YES;
				CLANG_WARN__DUPLICATE_METHOD_MATCH = YES;
				COPY_PHASE_STRIP = NO;
				DEBUG_INFORMATION_FORMAT = dwarf;
				ENABLE_STRICT_OBJC_MSGSEND = YES;
				ENABLE_TESTABILITY = YES;
				GCC_C_LANGUAGE_STANDARD = gnu11;
				GCC_DYNAMIC_NO_PIC = NO;
				GCC_NO_COMMON_BLOCKS = YES;
				GCC_OPTIMIZATION_LEVEL = 0;
				GCC_PREPROCESSOR_DEFINITIONS = (
					"DEBUG=1",
					"$(inherited)",
				);
				GCC_WARN_64_TO_32_BIT_CONVERSION = YES;
				GCC_WARN_ABOUT_RETURN_TYPE = YES_ERROR;
				GCC_WARN_UNDECLARED_SELECTOR = YES;
				GCC_WARN_UNINITIALIZED_AUTOS = YES_AGGRESSIVE;
				GCC_WARN_UNUSED_FUNCTION = YES;
				GCC_WARN_UNUSED_VARIABLE = YES;
				IPHONEOS_DEPLOYMENT_TARGET = 15.4;
				MTL_ENABLE_DEBUG_INFO = INCLUDE_SOURCE;
				MTL_FAST_MATH = YES;
				ONLY_ACTIVE_ARCH = YES;
				SDKROOT = iphoneos;
				SWIFT_ACTIVE_COMPILATION_CONDITIONS = DEBUG;
				SWIFT_OPTIMIZATION_LEVEL = "-Onone";
			};
			name = Debug;
		};
		32AE95F227FFFCFC0086E9E0 /* Release */ = {
			isa = XCBuildConfiguration;
			buildSettings = {
				ALWAYS_SEARCH_USER_PATHS = NO;
				CLANG_ANALYZER_NONNULL = YES;
				CLANG_ANALYZER_NUMBER_OBJECT_CONVERSION = YES_AGGRESSIVE;
				CLANG_CXX_LANGUAGE_STANDARD = "gnu++17";
				CLANG_ENABLE_MODULES = YES;
				CLANG_ENABLE_OBJC_ARC = YES;
				CLANG_ENABLE_OBJC_WEAK = YES;
				CLANG_WARN_BLOCK_CAPTURE_AUTORELEASING = YES;
				CLANG_WARN_BOOL_CONVERSION = YES;
				CLANG_WARN_COMMA = YES;
				CLANG_WARN_CONSTANT_CONVERSION = YES;
				CLANG_WARN_DEPRECATED_OBJC_IMPLEMENTATIONS = YES;
				CLANG_WARN_DIRECT_OBJC_ISA_USAGE = YES_ERROR;
				CLANG_WARN_DOCUMENTATION_COMMENTS = YES;
				CLANG_WARN_EMPTY_BODY = YES;
				CLANG_WARN_ENUM_CONVERSION = YES;
				CLANG_WARN_INFINITE_RECURSION = YES;
				CLANG_WARN_INT_CONVERSION = YES;
				CLANG_WARN_NON_LITERAL_NULL_CONVERSION = YES;
				CLANG_WARN_OBJC_IMPLICIT_RETAIN_SELF = YES;
				CLANG_WARN_OBJC_LITERAL_CONVERSION = YES;
				CLANG_WARN_OBJC_ROOT_CLASS = YES_ERROR;
				CLANG_WARN_QUOTED_INCLUDE_IN_FRAMEWORK_HEADER = YES;
				CLANG_WARN_RANGE_LOOP_ANALYSIS = YES;
				CLANG_WARN_STRICT_PROTOTYPES = YES;
				CLANG_WARN_SUSPICIOUS_MOVE = YES;
				CLANG_WARN_UNGUARDED_AVAILABILITY = YES_AGGRESSIVE;
				CLANG_WARN_UNREACHABLE_CODE = YES;
				CLANG_WARN__DUPLICATE_METHOD_MATCH = YES;
				COPY_PHASE_STRIP = NO;
				DEBUG_INFORMATION_FORMAT = "dwarf-with-dsym";
				ENABLE_NS_ASSERTIONS = NO;
				ENABLE_STRICT_OBJC_MSGSEND = YES;
				GCC_C_LANGUAGE_STANDARD = gnu11;
				GCC_NO_COMMON_BLOCKS = YES;
				GCC_WARN_64_TO_32_BIT_CONVERSION = YES;
				GCC_WARN_ABOUT_RETURN_TYPE = YES_ERROR;
				GCC_WARN_UNDECLARED_SELECTOR = YES;
				GCC_WARN_UNINITIALIZED_AUTOS = YES_AGGRESSIVE;
				GCC_WARN_UNUSED_FUNCTION = YES;
				GCC_WARN_UNUSED_VARIABLE = YES;
				IPHONEOS_DEPLOYMENT_TARGET = 15.4;
				MTL_ENABLE_DEBUG_INFO = NO;
				MTL_FAST_MATH = YES;
				SDKROOT = iphoneos;
				SWIFT_COMPILATION_MODE = wholemodule;
				SWIFT_OPTIMIZATION_LEVEL = "-O";
				VALIDATE_PRODUCT = YES;
			};
			name = Release;
		};
		32AE95F427FFFCFC0086E9E0 /* Debug */ = {
			isa = XCBuildConfiguration;
			buildSettings = {
				ASSETCATALOG_COMPILER_APPICON_NAME = AppIcon;
				ASSETCATALOG_COMPILER_GLOBAL_ACCENT_COLOR_NAME = AccentColor;
				CODE_SIGN_STYLE = Automatic;
				CURRENT_PROJECT_VERSION = 1;
				DEVELOPMENT_TEAM = BKXCG2AF62;
				GENERATE_INFOPLIST_FILE = YES;
				INFOPLIST_FILE = AppStoreStyle/Info.plist;
				INFOPLIST_KEY_UIApplicationSupportsIndirectInputEvents = YES;
				INFOPLIST_KEY_UILaunchStoryboardName = LaunchScreen;
				INFOPLIST_KEY_UISupportedInterfaceOrientations_iPad = "UIInterfaceOrientationPortrait UIInterfaceOrientationPortraitUpsideDown UIInterfaceOrientationLandscapeLeft UIInterfaceOrientationLandscapeRight";
				INFOPLIST_KEY_UISupportedInterfaceOrientations_iPhone = "UIInterfaceOrientationPortrait UIInterfaceOrientationLandscapeLeft UIInterfaceOrientationLandscapeRight";
				LD_RUNPATH_SEARCH_PATHS = (
					"$(inherited)",
					"@executable_path/Frameworks",
				);
				MARKETING_VERSION = 1.0;
				PRODUCT_BUNDLE_IDENTIFIER = kr.home.AppStoreStyle;
				PRODUCT_NAME = "$(TARGET_NAME)";
				SWIFT_EMIT_LOC_STRINGS = YES;
				SWIFT_VERSION = 5.0;
				TARGETED_DEVICE_FAMILY = "1,2";
			};
			name = Debug;
		};
		32AE95F527FFFCFC0086E9E0 /* Release */ = {
			isa = XCBuildConfiguration;
			buildSettings = {
				ASSETCATALOG_COMPILER_APPICON_NAME = AppIcon;
				ASSETCATALOG_COMPILER_GLOBAL_ACCENT_COLOR_NAME = AccentColor;
				CODE_SIGN_STYLE = Automatic;
				CURRENT_PROJECT_VERSION = 1;
				DEVELOPMENT_TEAM = BKXCG2AF62;
				GENERATE_INFOPLIST_FILE = YES;
				INFOPLIST_FILE = AppStoreStyle/Info.plist;
				INFOPLIST_KEY_UIApplicationSupportsIndirectInputEvents = YES;
				INFOPLIST_KEY_UILaunchStoryboardName = LaunchScreen;
				INFOPLIST_KEY_UISupportedInterfaceOrientations_iPad = "UIInterfaceOrientationPortrait UIInterfaceOrientationPortraitUpsideDown UIInterfaceOrientationLandscapeLeft UIInterfaceOrientationLandscapeRight";
				INFOPLIST_KEY_UISupportedInterfaceOrientations_iPhone = "UIInterfaceOrientationPortrait UIInterfaceOrientationLandscapeLeft UIInterfaceOrientationLandscapeRight";
				LD_RUNPATH_SEARCH_PATHS = (
					"$(inherited)",
					"@executable_path/Frameworks",
				);
				MARKETING_VERSION = 1.0;
				PRODUCT_BUNDLE_IDENTIFIER = kr.home.AppStoreStyle;
				PRODUCT_NAME = "$(TARGET_NAME)";
				SWIFT_EMIT_LOC_STRINGS = YES;
				SWIFT_VERSION = 5.0;
				TARGETED_DEVICE_FAMILY = "1,2";
			};
			name = Release;
		};
/* End XCBuildConfiguration section */

/* Begin XCConfigurationList section */
		32AE95DA27FFFCFC0086E9E0 /* Build configuration list for PBXProject "AppStoreStyle" */ = {
			isa = XCConfigurationList;
			buildConfigurations = (
				32AE95F127FFFCFC0086E9E0 /* Debug */,
				32AE95F227FFFCFC0086E9E0 /* Release */,
			);
			defaultConfigurationIsVisible = 0;
			defaultConfigurationName = Release;
		};
		32AE95F327FFFCFC0086E9E0 /* Build configuration list for PBXNativeTarget "AppStoreStyle" */ = {
			isa = XCConfigurationList;
			buildConfigurations = (
				32AE95F427FFFCFC0086E9E0 /* Debug */,
				32AE95F527FFFCFC0086E9E0 /* Release */,
			);
			defaultConfigurationIsVisible = 0;
			defaultConfigurationName = Release;
		};
/* End XCConfigurationList section */

/* Begin XCRemoteSwiftPackageReference section */
		32AE95F627FFFD310086E9E0 /* XCRemoteSwiftPackageReference "Kingfisher" */ = {
			isa = XCRemoteSwiftPackageReference;
			repositoryURL = "https://github.com/onevcat/Kingfisher.git";
			requirement = {
				kind = upToNextMajorVersion;
				minimumVersion = 7.0.0;
			};
		};
		32AE9600280055D60086E9E0 /* XCRemoteSwiftPackageReference "SnapKit" */ = {
			isa = XCRemoteSwiftPackageReference;
			repositoryURL = "https://github.com/SnapKit/SnapKit.git";
			requirement = {
				kind = upToNextMajorVersion;
				minimumVersion = 5.0.0;
			};
		};
/* End XCRemoteSwiftPackageReference section */

/* Begin XCSwiftPackageProductDependency section */
		32AE95F727FFFD310086E9E0 /* Kingfisher */ = {
			isa = XCSwiftPackageProductDependency;
			package = 32AE95F627FFFD310086E9E0 /* XCRemoteSwiftPackageReference "Kingfisher" */;
			productName = Kingfisher;
		};
		32AE9601280055D60086E9E0 /* SnapKit */ = {
			isa = XCSwiftPackageProductDependency;
			package = 32AE9600280055D60086E9E0 /* XCRemoteSwiftPackageReference "SnapKit" */;
			productName = SnapKit;
		};
/* End XCSwiftPackageProductDependency section */
	};
	rootObject = 32AE95D727FFFCFC0086E9E0 /* Project object */;
}
